
Microsoft Visual Studio Solution File, Format Version 12.00
# Visual Studio 15
VisualStudioVersion = 15.0.27703.2035
MinimumVisualStudioVersion = 10.0.40219.1
Project("{FAE04EC0-301F-11D3-BF4B-00C04F79EFBC}") = "vx.Compiler", "vx.Compiler\vx.Compiler.csproj", "{71889BEF-642D-4942-8E2B-4BC80E5527F1}"
EndProject
Project("{FAE04EC0-301F-11D3-BF4B-00C04F79EFBC}") = "vx.Shared", "vx.Shared\vx.Shared.csproj", "{3EC3E9C3-E66C-45F6-A1A2-2D22948C1627}"
EndProject
Project("{FAE04EC0-301F-11D3-BF4B-00C04F79EFBC}") = "vx.VM", "vx.VM\vx.VM.csproj", "{6E61A84A-EF0D-470B-B678-A33A42CBE412}"
EndProject
Global
	GlobalSection(SolutionConfigurationPlatforms) = preSolution
		Debug|Any CPU = Debug|Any CPU
		Release|Any CPU = Release|Any CPU
	EndGlobalSection
	GlobalSection(ProjectConfigurationPlatforms) = postSolution
		{71889BEF-642D-4942-8E2B-4BC80E5527F1}.Debug|Any CPU.ActiveCfg = Debug|Any CPU
		{71889BEF-642D-4942-8E2B-4BC80E5527F1}.Debug|Any CPU.Build.0 = Debug|Any CPU
		{71889BEF-642D-4942-8E2B-4BC80E5527F1}.Release|Any CPU.ActiveCfg = Release|Any CPU
		{71889BEF-642D-4942-8E2B-4BC80E5527F1}.Release|Any CPU.Build.0 = Release|Any CPU
		{3EC3E9C3-E66C-45F6-A1A2-2D22948C1627}.Debug|Any CPU.ActiveCfg = Debug|Any CPU
		{3EC3E9C3-E66C-45F6-A1A2-2D22948C1627}.Debug|Any CPU.Build.0 = Debug|Any CPU
		{3EC3E9C3-E66C-45F6-A1A2-2D22948C1627}.Release|Any CPU.ActiveCfg = Release|Any CPU
		{3EC3E9C3-E66C-45F6-A1A2-2D22948C1627}.Release|Any CPU.Build.0 = Release|Any CPU
		{6E61A84A-EF0D-470B-B678-A33A42CBE412}.Debug|Any CPU.ActiveCfg = Debug|Any CPU
		{6E61A84A-EF0D-470B-B678-A33A42CBE412}.Debug|Any CPU.Build.0 = Debug|Any CPU
		{6E61A84A-EF0D-470B-B678-A33A42CBE412}.Release|Any CPU.ActiveCfg = Release|Any CPU
		{6E61A84A-EF0D-470B-B678-A33A42CBE412}.Release|Any CPU.Build.0 = Release|Any CPU
	EndGlobalSection
	GlobalSection(SolutionProperties) = preSolution
		HideSolutionNode = FALSE
	EndGlobalSection
	GlobalSection(ExtensibilityGlobals) = postSolution
		SolutionGuid = {3F91C55F-E0E5-4450-9D06-E7D365C73F76}
	EndGlobalSection
EndGlobal
